github.com/discoverygarden/traefik-ultimate-bad-bot-blocker v0.2.0 h1:AWIocPw2HDlI0vOcoI0gNRIJXtjV1wYL2NyoMP3/RSk=
github.com/discoverygarden/traefik-ultimate-bad-bot-blocker v0.2.0/go.mod h1:3ViswgIQ5Fq+zYcuL28nEnQYQG5Xrh+NJkTnKbTfalE=
github.com/patrickmn/go-cache v2.1.0+incompatible h1:HRMgzkcYKYpi3C8ajMPV8OFXaaRUnok+kx1WdO15EQc=
github.com/patrickmn/go-cache v2.1.0+incompatible/go.mod h1:3Qf8kWWT7OJRJbdiICTKqZju1ZixQ/KpMGzzAfe6+WQ=
